
Microsoft Visual Studio Solution File, Format Version 12.00
# Visual Studio Version 17
VisualStudioVersion = 17.6.33829.357
MinimumVisualStudioVersion = 10.0.40219.1
Project("{9A19103F-16F7-4668-BE54-9A1E7A4F7556}") = "OOP04", "OOP04\OOP04.csproj", "{BD0DA262-2D5B-4D42-BC92-AA03DDF11E9E}"
EndProject
Project("{FAE04EC0-301F-11D3-BF4B-00C04F79EFBC}") = "Assigment", "Assigment\Assigment.csproj", "{07ABD052-4DD9-45D3-ACE9-9B801A240291}"
EndProject
Global
	GlobalSection(SolutionConfigurationPlatforms) = preSolution
		Debug|Any CPU = Debug|Any CPU
		Release|Any CPU = Release|Any CPU
	EndGlobalSection
	GlobalSection(ProjectConfigurationPlatforms) = postSolution
		{BD0DA262-2D5B-4D42-BC92-AA03DDF11E9E}.Debug|Any CPU.ActiveCfg = Debug|Any CPU
		{BD0DA262-2D5B-4D42-BC92-AA03DDF11E9E}.Debug|Any CPU.Build.0 = Debug|Any CPU
		{BD0DA262-2D5B-4D42-BC92-AA03DDF11E9E}.Release|Any CPU.ActiveCfg = Release|Any CPU
		{BD0DA262-2D5B-4D42-BC92-AA03DDF11E9E}.Release|Any CPU.Build.0 = Release|Any CPU
		{07ABD052-4DD9-45D3-ACE9-9B801A240291}.Debug|Any CPU.ActiveCfg = Debug|Any CPU
		{07ABD052-4DD9-45D3-ACE9-9B801A240291}.Debug|Any CPU.Build.0 = Debug|Any CPU
		{07ABD052-4DD9-45D3-ACE9-9B801A240291}.Release|Any CPU.ActiveCfg = Release|Any CPU
		{07ABD052-4DD9-45D3-ACE9-9B801A240291}.Release|Any CPU.Build.0 = Release|Any CPU
	EndGlobalSection
	GlobalSection(SolutionProperties) = preSolution
		HideSolutionNode = FALSE
	EndGlobalSection
	GlobalSection(ExtensibilityGlobals) = postSolution
		SolutionGuid = {FFE1FA0B-0313-4366-8FE7-D47C7B9C6592}
	EndGlobalSection
EndGlobal
